
Microsoft Visual Studio Solution File, Format Version 12.00
# Visual Studio Version 17
VisualStudioVersion = 17.3.32901.215
MinimumVisualStudioVersion = 10.0.40219.1
Project("{FAE04EC0-301F-11D3-BF4B-00C04F79EFBC}") = "Bolum1-Uygulama16", "Bolum1-Uygulama16\Bolum1-Uygulama16.csproj", "{A8AACD2D-1D67-4D97-A773-C85DDBA5431C}"
EndProject
Global
	GlobalSection(SolutionConfigurationPlatforms) = preSolution
		Debug|Any CPU = Debug|Any CPU
		Release|Any CPU = Release|Any CPU
	EndGlobalSection
	GlobalSection(ProjectConfigurationPlatforms) = postSolution
		{A8AACD2D-1D67-4D97-A773-C85DDBA5431C}.Debug|Any CPU.ActiveCfg = Debug|Any CPU
		{A8AACD2D-1D67-4D97-A773-C85DDBA5431C}.Debug|Any CPU.Build.0 = Debug|Any CPU
		{A8AACD2D-1D67-4D97-A773-C85DDBA5431C}.Release|Any CPU.ActiveCfg = Release|Any CPU
		{A8AACD2D-1D67-4D97-A773-C85DDBA5431C}.Release|Any CPU.Build.0 = Release|Any CPU
	EndGlobalSection
	GlobalSection(SolutionProperties) = preSolution
		HideSolutionNode = FALSE
	EndGlobalSection
	GlobalSection(ExtensibilityGlobals) = postSolution
		SolutionGuid = {F895EDA5-96ED-47FA-8A97-80D694F55DF4}
	EndGlobalSection
EndGlobal
